
Microsoft Visual Studio Solution File, Format Version 12.00
# Visual Studio Version 16
VisualStudioVersion = 16.0.32413.511
MinimumVisualStudioVersion = 10.0.40219.1
Project("{FAE04EC0-301F-11D3-BF4B-00C04F79EFBC}") = "LaMa_app", "LaMa_app\LaMa_app.csproj", "{662F9598-FECC-46C0-A4CE-75843F481330}"
EndProject
Global
	GlobalSection(SolutionConfigurationPlatforms) = preSolution
		Debug|Any CPU = Debug|Any CPU
		Release|Any CPU = Release|Any CPU
	EndGlobalSection
	GlobalSection(ProjectConfigurationPlatforms) = postSolution
		{662F9598-FECC-46C0-A4CE-75843F481330}.Debug|Any CPU.ActiveCfg = Debug|Any CPU
		{662F9598-FECC-46C0-A4CE-75843F481330}.Debug|Any CPU.Build.0 = Debug|Any CPU
		{662F9598-FECC-46C0-A4CE-75843F481330}.Release|Any CPU.ActiveCfg = Release|Any CPU
		{662F9598-FECC-46C0-A4CE-75843F481330}.Release|Any CPU.Build.0 = Release|Any CPU
	EndGlobalSection
	GlobalSection(SolutionProperties) = preSolution
		HideSolutionNode = FALSE
	EndGlobalSection
	GlobalSection(ExtensibilityGlobals) = postSolution
		SolutionGuid = {F9EBFCF4-1570-4FAA-8674-AF99C0E2783B}
	EndGlobalSection
EndGlobal
